
Microsoft Visual Studio Solution File, Format Version 12.00
Project("{FAE04EC0-301F-11D3-BF4B-00C04F79EFBC}") = "TicTacToe", "TicTacToe\TicTacToe.csproj", "{1C1CBF54-197E-4FFB-8333-CD285CCB6056}"
EndProject
Project("{FAE04EC0-301F-11D3-BF4B-00C04F79EFBC}") = "TestTicTacToe", "TestTicTacToe\TestTicTacToe.csproj", "{28F64C4E-CB47-4544-AB26-2CAB83473DD0}"
EndProject
Global
	GlobalSection(SolutionConfigurationPlatforms) = preSolution
		Debug|Any CPU = Debug|Any CPU
		Release|Any CPU = Release|Any CPU
	EndGlobalSection
	GlobalSection(ProjectConfigurationPlatforms) = postSolution
		{1C1CBF54-197E-4FFB-8333-CD285CCB6056}.Debug|Any CPU.ActiveCfg = Debug|Any CPU
		{1C1CBF54-197E-4FFB-8333-CD285CCB6056}.Debug|Any CPU.Build.0 = Debug|Any CPU
		{1C1CBF54-197E-4FFB-8333-CD285CCB6056}.Release|Any CPU.ActiveCfg = Release|Any CPU
		{1C1CBF54-197E-4FFB-8333-CD285CCB6056}.Release|Any CPU.Build.0 = Release|Any CPU
		{28F64C4E-CB47-4544-AB26-2CAB83473DD0}.Debug|Any CPU.ActiveCfg = Debug|Any CPU
		{28F64C4E-CB47-4544-AB26-2CAB83473DD0}.Debug|Any CPU.Build.0 = Debug|Any CPU
		{28F64C4E-CB47-4544-AB26-2CAB83473DD0}.Release|Any CPU.ActiveCfg = Release|Any CPU
		{28F64C4E-CB47-4544-AB26-2CAB83473DD0}.Release|Any CPU.Build.0 = Release|Any CPU
	EndGlobalSection
EndGlobal
